
Microsoft Visual Studio Solution File, Format Version 12.00
# Visual Studio 15
VisualStudioVersion = 15.0.27004.2009
MinimumVisualStudioVersion = 10.0.40219.1
Project("{8BC9CEB8-8B4A-11D0-8D11-00A0C91BC942}") = "3lab_Moskalik_19_03_18", "3lab_Moskalik_19_03_18\3lab_Moskalik_19_03_18.vcxproj", "{CCE19D2B-BD2F-4B20-A998-03D10E5027A8}"
EndProject
Global
	GlobalSection(SolutionConfigurationPlatforms) = preSolution
		Debug|x64 = Debug|x64
		Debug|x86 = Debug|x86
		Release|x64 = Release|x64
		Release|x86 = Release|x86
	EndGlobalSection
	GlobalSection(ProjectConfigurationPlatforms) = postSolution
		{CCE19D2B-BD2F-4B20-A998-03D10E5027A8}.Debug|x64.ActiveCfg = Debug|x64
		{CCE19D2B-BD2F-4B20-A998-03D10E5027A8}.Debug|x64.Build.0 = Debug|x64
		{CCE19D2B-BD2F-4B20-A998-03D10E5027A8}.Debug|x86.ActiveCfg = Debug|Win32
		{CCE19D2B-BD2F-4B20-A998-03D10E5027A8}.Debug|x86.Build.0 = Debug|Win32
		{CCE19D2B-BD2F-4B20-A998-03D10E5027A8}.Release|x64.ActiveCfg = Release|x64
		{CCE19D2B-BD2F-4B20-A998-03D10E5027A8}.Release|x64.Build.0 = Release|x64
		{CCE19D2B-BD2F-4B20-A998-03D10E5027A8}.Release|x86.ActiveCfg = Release|Win32
		{CCE19D2B-BD2F-4B20-A998-03D10E5027A8}.Release|x86.Build.0 = Release|Win32
	EndGlobalSection
	GlobalSection(SolutionProperties) = preSolution
		HideSolutionNode = FALSE
	EndGlobalSection
	GlobalSection(ExtensibilityGlobals) = postSolution
		SolutionGuid = {D8C55900-F1B8-4FDB-B163-D05B70E15415}
	EndGlobalSection
EndGlobal
